
Microsoft Visual Studio Solution File, Format Version 12.00
# Visual Studio Version 16
VisualStudioVersion = 16.0.30907.101
MinimumVisualStudioVersion = 10.0.40219.1
Project("{FAE04EC0-301F-11D3-BF4B-00C04F79EFBC}") = "AdventOfCodeSolutions", "AdventOfCodeSolutions.csproj", "{04AB38F7-1764-4C59-84C0-34ED949C18CF}"
EndProject
Global
	GlobalSection(SolutionConfigurationPlatforms) = preSolution
		Debug|Any CPU = Debug|Any CPU
		Release|Any CPU = Release|Any CPU
	EndGlobalSection
	GlobalSection(ProjectConfigurationPlatforms) = postSolution
		{04AB38F7-1764-4C59-84C0-34ED949C18CF}.Debug|Any CPU.ActiveCfg = Debug|Any CPU
		{04AB38F7-1764-4C59-84C0-34ED949C18CF}.Debug|Any CPU.Build.0 = Debug|Any CPU
		{04AB38F7-1764-4C59-84C0-34ED949C18CF}.Release|Any CPU.ActiveCfg = Release|Any CPU
		{04AB38F7-1764-4C59-84C0-34ED949C18CF}.Release|Any CPU.Build.0 = Release|Any CPU
	EndGlobalSection
	GlobalSection(SolutionProperties) = preSolution
		HideSolutionNode = FALSE
	EndGlobalSection
	GlobalSection(ExtensibilityGlobals) = postSolution
		SolutionGuid = {0DBB2D1D-E854-4CBB-A13D-A713B62FEA51}
	EndGlobalSection
EndGlobal
